
Microsoft Visual Studio Solution File, Format Version 12.00
# Visual Studio Version 17
VisualStudioVersion = 17.5.33627.172
MinimumVisualStudioVersion = 10.0.40219.1
Project("{888888A0-9F3D-457C-B088-3A5042F75D52}") = "Paths", "Paths\Paths.pyproj", "{36F561F2-8E7D-4B44-8F6C-80263EA3E758}"
EndProject
Global
	GlobalSection(SolutionConfigurationPlatforms) = preSolution
		Debug|Any CPU = Debug|Any CPU
		Release|Any CPU = Release|Any CPU
	EndGlobalSection
	GlobalSection(ProjectConfigurationPlatforms) = postSolution
		{36F561F2-8E7D-4B44-8F6C-80263EA3E758}.Debug|Any CPU.ActiveCfg = Debug|Any CPU
		{36F561F2-8E7D-4B44-8F6C-80263EA3E758}.Release|Any CPU.ActiveCfg = Release|Any CPU
	EndGlobalSection
	GlobalSection(SolutionProperties) = preSolution
		HideSolutionNode = FALSE
	EndGlobalSection
	GlobalSection(ExtensibilityGlobals) = postSolution
		SolutionGuid = {BBE66EB4-2E56-4E7B-9BD4-06324B48BE0E}
	EndGlobalSection
EndGlobal
